
Microsoft Visual Studio Solution File, Format Version 12.00
# Visual Studio Version 17
VisualStudioVersion = 17.3.32901.215
MinimumVisualStudioVersion = 10.0.40219.1
Project("{9A19103F-16F7-4668-BE54-9A1E7A4F7556}") = "MockAPI", "MockAPI/MockAPI.csproj", "{B41F1D15-7CCC-4D84-87F5-1D0047EEFB75}"
EndProject
Global
	GlobalSection(SolutionConfigurationPlatforms) = preSolution
		Debug|Any CPU = Debug|Any CPU
		Release|Any CPU = Release|Any CPU
	EndGlobalSection
	GlobalSection(ProjectConfigurationPlatforms) = postSolution
		{B41F1D15-7CCC-4D84-87F5-1D0047EEFB75}.Debug|Any CPU.ActiveCfg = Debug|Any CPU
		{B41F1D15-7CCC-4D84-87F5-1D0047EEFB75}.Debug|Any CPU.Build.0 = Debug|Any CPU
		{B41F1D15-7CCC-4D84-87F5-1D0047EEFB75}.Release|Any CPU.ActiveCfg = Release|Any CPU
		{B41F1D15-7CCC-4D84-87F5-1D0047EEFB75}.Release|Any CPU.Build.0 = Release|Any CPU
	EndGlobalSection
	GlobalSection(SolutionProperties) = preSolution
		HideSolutionNode = FALSE
	EndGlobalSection
	GlobalSection(ExtensibilityGlobals) = postSolution
		SolutionGuid = {AE24AE3E-AC6D-409E-A9FF-E7B0647CB8FA}
	EndGlobalSection
EndGlobal
